PODS:
  - Bolts (1.9.0):
    - Bolts/AppLinks (= 1.9.0)
    - Bolts/Tasks (= 1.9.0)
  - Bolts/AppLinks (1.9.0):
    - Bolts/Tasks
  - Bolts/Tasks (1.9.0)
  - FacebookCore (0.3.0):
    - Bolts (~> 1.8)
    - FBSDKCoreKit (~> 4.27)
  - FacebookLogin (0.3.0):
    - Bolts (~> 1.8)
    - FacebookCore (~> 0.3)
    - FBSDKCoreKit (~> 4.27)
    - FBSDKLoginKit (~> 4.27)
  - FBSDKCoreKit (4.33.0):
    - Bolts (~> 1.7)
  - FBSDKLoginKit (4.33.0):
    - FBSDKCoreKit
  - IQKeyboardManagerSwift (6.0.3)
  - MBProgressHUD (1.1.0)
  - SFFocusViewLayout (3.1.0)
  - SideMenu (4.0.0)

DEPENDENCIES:
  - FacebookCore
  - FacebookLogin
  - IQKeyboardManagerSwift
  - MBProgressHUD
  - SFFocusViewLayout
  - SideMenu

SPEC REPOS:
  https://github.com/cocoapods/specs.git:
    - Bolts
    - FacebookCore
    - FacebookLogin
    - FBSDKCoreKit
    - FBSDKLoginKit
    - IQKeyboardManagerSwift
    - MBProgressHUD
    - SFFocusViewLayout
    - SideMenu

SPEC CHECKSUMS:
  Bolts: ac6567323eac61e203f6a9763667d0f711be34c8
  FacebookCore: 3ffa190a3f1f96cec0e44d3fc221bc322c595ffa
  FacebookLogin: 0af839ea858faef99550d16596b87b4a8e8906e6
  FBSDKCoreKit: 572b047a7e029bc44542bcf8a59414e7ff2b543e
  FBSDKLoginKit: 88cb456349cfb3b554427ce4f8b43729d85dfb40
  IQKeyboardManagerSwift: 04e8679f85e496bb2c474eeb9284052f1b3c391c
  MBProgressHUD: e7baa36a220447d8aeb12769bf0585582f3866d9
  SFFocusViewLayout: 8524435eb57796adf3e7be1395c4e3786cd76dcc
  SideMenu: 70ee5657df63ec3382660ec4ef470bf1cf5db07d

PODFILE CHECKSUM: a51c7e958fa55204e0dc742a1b709b109c175522

COCOAPODS: 1.5.3
